{
  "name": "storage-object",
  "version": "0.0.1",
  "lockfileVersion": 1,
  "requires": true,
  "dependencies": {
    "@vue-reactivity/watch": {
      "version": "0.1.6",
      "resolved": "https://registry.npmjs.org/@vue-reactivity/watch/-/watch-0.1.6.tgz",
      "integrity": "sha512-Se4D+1LAnn8B49MuRzWyZv2syb+9FTuxXKA8FF6gjZD08PdVwoVZG3ncZzqFFG2lVlzx03+rjOCtIJb+VkD3Qg=="
    },
    "@vue/reactivity": {
      "version": "3.2.20",
      "resolved": "https://registry.npmjs.org/@vue/reactivity/-/reactivity-3.2.20.tgz",
      "integrity": "sha512-nSmoLojUTk+H8HNTAkrUduB4+yIUBK2HPihJo2uXVSH4Spry6oqN6lFzE5zpLK+F27Sja+UqR9R1+/kIOsHV5w==",
      "requires": {
        "@vue/shared": "3.2.20"
      }
    },
    "@vue/shared": {
      "version": "3.2.20",
      "resolved": "https://registry.npmjs.org/@vue/shared/-/shared-3.2.20.tgz",
      "integrity": "sha512-FbpX+hD5BvXCQerEYO7jtAGHlhAkhTQ4KIV73kmLWNlawWhTiVuQxizgVb0BOkX5oG9cIRZ42EG++d/k/Efp0w=="
    }
  }
}
